
Microsoft Visual Studio Solution File, Format Version 12.00
# Visual Studio Version 16
VisualStudioVersion = 16.0.28803.452
MinimumVisualStudioVersion = 10.0.40219.1
Project("{FAE04EC0-301F-11D3-BF4B-00C04F79EFBC}") = "Komis", "Komis\Komis.csproj", "{5279725D-4398-47CA-B530-B79C79A2FE36}"
EndProject
Global
	GlobalSection(SolutionConfigurationPlatforms) = preSolution
		Debug|Any CPU = Debug|Any CPU
		Release|Any CPU = Release|Any CPU
	EndGlobalSection
	GlobalSection(ProjectConfigurationPlatforms) = postSolution
		{5279725D-4398-47CA-B530-B79C79A2FE36}.Debug|Any CPU.ActiveCfg = Debug|Any CPU
		{5279725D-4398-47CA-B530-B79C79A2FE36}.Debug|Any CPU.Build.0 = Debug|Any CPU
		{5279725D-4398-47CA-B530-B79C79A2FE36}.Release|Any CPU.ActiveCfg = Release|Any CPU
		{5279725D-4398-47CA-B530-B79C79A2FE36}.Release|Any CPU.Build.0 = Release|Any CPU
	EndGlobalSection
	GlobalSection(SolutionProperties) = preSolution
		HideSolutionNode = FALSE
	EndGlobalSection
	GlobalSection(ExtensibilityGlobals) = postSolution
		SolutionGuid = {8C379D27-F4B7-46E0-AAB9-6DF8806CF9F3}
	EndGlobalSection
EndGlobal
